// !$*UTF8*$!
{
	archiveVersion = 1;
	classes = {
	};
	objectVersion = 46;
	objects = {

/* Begin PBXBuildFile section */
		0521CD4319B47425001BA54D /* Foundation.framework in Frameworks */ = {isa = PBXBuildFile; fileRef = 0521CD4219B47425001BA54D /* Foundation.framework */; };
		0521CD4519B47425001BA54D /* CoreGraphics.framework in Frameworks */ = {isa = PBXBuildFile; fileRef = 0521CD4419B47425001BA54D /* CoreGraphics.framework */; };
		0521CD4719B47425001BA54D /* UIKit.framework in Frameworks */ = {isa = PBXBuildFile; fileRef = 0521CD4619B47425001BA54D /* UIKit.framework */; };
		0521CD4919B47425001BA54D /* SpriteKit.framework in Frameworks */ = {isa = PBXBuildFile; fileRef = 0521CD4819B47425001BA54D /* SpriteKit.framework */; };
		0521CD4F19B47425001BA54D /* InfoPlist.strings in Resources */ = {isa = PBXBuildFile; fileRef = 0521CD4D19B47425001BA54D /* InfoPlist.strings */; };
		0521CD5119B47425001BA54D /* main.m in Sources */ = {isa = PBXBuildFile; fileRef = 0521CD5019B47425001BA54D /* main.m */; };
		0521CD5519B47425001BA54D /* TCAppDelegate.m in Sources */ = {isa = PBXBuildFile; fileRef = 0521CD5419B47425001BA54D /* TCAppDelegate.m */; };
		0521CD5819B47425001BA54D /* Main_iPhone.storyboard in Resources */ = {isa = PBXBuildFile; fileRef = 0521CD5619B47425001BA54D /* Main_iPhone.storyboard */; };
		0521CD5B19B47425001BA54D /* Main_iPad.storyboard in Resources */ = {isa = PBXBuildFile; fileRef = 0521CD5919B47425001BA54D /* Main_iPad.storyboard */; };
		0521CD5E19B47425001BA54D /* TCViewController.m in Sources */ = {isa = PBXBuildFile; fileRef = 0521CD5D19B47425001BA54D /* TCViewController.m */; };
		0521CD6119B47425001BA54D /* TCTextScene.m in Sources */ = {isa = PBXBuildFile; fileRef = 0521CD6019B47425001BA54D /* TCTextScene.m */; };
		0521CD6319B47425001BA54D /* Spaceship.png in Resources */ = {isa = PBXBuildFile; fileRef = 0521CD6219B47425001BA54D /* Spaceship.png */; };
		0521CD6519B47425001BA54D /* Images.xcassets in Resources */ = {isa = PBXBuildFile; fileRef = 0521CD6419B47425001BA54D /* Images.xcassets */; };
		0521CD6C19B47425001BA54D /* XCTest.framework in Frameworks */ = {isa = PBXBuildFile; fileRef = 0521CD6B19B47425001BA54D /* XCTest.framework */; };
		0521CD6D19B47425001BA54D /* Foundation.framework in Frameworks */ = {isa = PBXBuildFile; fileRef = 0521CD4219B47425001BA54D /* Foundation.framework */; };
		0521CD6E19B47425001BA54D /* UIKit.framework in Frameworks */ = {isa = PBXBuildFile; fileRef = 0521CD4619B47425001BA54D /* UIKit.framework */; };
		0521CD7619B47425001BA54D /* InfoPlist.strings in Resources */ = {isa = PBXBuildFile; fileRef = 0521CD7419B47425001BA54D /* InfoPlist.strings */; };
		0521CD7819B47425001BA54D /* GCDemoTests.m in Sources */ = {isa = PBXBuildFile; fileRef = 0521CD7719B47425001BA54D /* GCDemoTests.m */; };
		0521CD8219B47A41001BA54D /* GameController.framework in Frameworks */ = {isa = PBXBuildFile; fileRef = 0521CD8119B47A41001BA54D /* GameController.framework */; };
		0521CD8919B497BF001BA54D /* TCImageScene.m in Sources */ = {isa = PBXBuildFile; fileRef = 0521CD8819B497BF001BA54D /* TCImageScene.m */; };
		0529F1E119B49CCE007B1934 /* ASAttributedLabelNode.swift in Sources */ = {isa = PBXBuildFile; fileRef = 0529F1E019B49CCE007B1934 /* ASAttributedLabelNode.swift */; };
		0529F1E419B49D37007B1934 /* TCAttributedTextScene.m in Sources */ = {isa = PBXBuildFile; fileRef = 0529F1E319B49D37007B1934 /* TCAttributedTextScene.m */; };
		0538CC9419B4A0040045DA8F /* code1.rtf in Resources */ = {isa = PBXBuildFile; fileRef = 0538CC9319B4A0040045DA8F /* code1.rtf */; };
		0538CC9619B4A1790045DA8F /* code2.rtf in Resources */ = {isa = PBXBuildFile; fileRef = 0538CC9519B4A1790045DA8F /* code2.rtf */; };
		0538CC9919B4A7370045DA8F /* TCGameScene.m in Sources */ = {isa = PBXBuildFile; fileRef = 0538CC9819B4A7370045DA8F /* TCGameScene.m */; };
/* End PBXBuildFile section */

/* Begin PBXContainerItemProxy section */
		0521CD6F19B47425001BA54D /* PBXContainerItemProxy */ = {
			isa = PBXContainerItemProxy;
			containerPortal = 0521CD3719B47425001BA54D /* Project object */;
			proxyType = 1;
			remoteGlobalIDString = 0521CD3E19B47425001BA54D;
			remoteInfo = GCDemo;
		};
/* End PBXContainerItemProxy section */

/* Begin PBXFileReference section */
		0521CD3F19B47425001BA54D /* GCDemo.app */ = {isa = PBXFileReference; explicitFileType = wrapper.application; includeInIndex = 0; path = GCDemo.app; sourceTree = BUILT_PRODUCTS_DIR; };
		0521CD4219B47425001BA54D /* Foundation.framework */ = {isa = PBXFileReference; lastKnownFileType = wrapper.framework; name = Foundation.framework; path = System/Library/Frameworks/Foundation.framework; sourceTree = SDKROOT; };
		0521CD4419B47425001BA54D /* CoreGraphics.framework */ = {isa = PBXFileReference; lastKnownFileType = wrapper.framework; name = CoreGraphics.framework; path = System/Library/Frameworks/CoreGraphics.framework; sourceTree = SDKROOT; };
		0521CD4619B47425001BA54D /* UIKit.framework */ = {isa = PBXFileReference; lastKnownFileType = wrapper.framework; name = UIKit.framework; path = System/Library/Frameworks/UIKit.framework; sourceTree = SDKROOT; };
		0521CD4819B47425001BA54D /* SpriteKit.framework */ = {isa = PBXFileReference; lastKnownFileType = wrapper.framework; name = SpriteKit.framework; path = System/Library/Frameworks/SpriteKit.framework; sourceTree = SDKROOT; };
		0521CD4C19B47425001BA54D /* GCDemo-Info.plist */ = {isa = PBXFileReference; lastKnownFileType = text.plist.xml; path = "GCDemo-Info.plist"; sourceTree = "<group>"; };
		0521CD4E19B47425001BA54D /* en */ = {isa = PBXFileReference; lastKnownFileType = text.plist.strings; name = en; path = en.lproj/InfoPlist.strings; sourceTree = "<group>"; };
		0521CD5019B47425001BA54D /* main.m */ = {isa = PBXFileReference; lastKnownFileType = sourcecode.c.objc; path = main.m; sourceTree = "<group>"; };
		0521CD5219B47425001BA54D /* GCDemo-Prefix.pch */ = {isa = PBXFileReference; lastKnownFileType = sourcecode.c.h; path = "GCDemo-Prefix.pch"; sourceTree = "<group>"; };
		0521CD5319B47425001BA54D /* TCAppDelegate.h */ = {isa = PBXFileReference; lastKnownFileType = sourcecode.c.h; path = TCAppDelegate.h; sourceTree = "<group>"; };
		0521CD5419B47425001BA54D /* TCAppDelegate.m */ = {isa = PBXFileReference; lastKnownFileType = sourcecode.c.objc; path = TCAppDelegate.m; sourceTree = "<group>"; };
		0521CD5719B47425001BA54D /* Base */ = {isa = PBXFileReference; lastKnownFileType = file.storyboard; name = Base; path = Base.lproj/Main_iPhone.storyboard; sourceTree = "<group>"; };
		0521CD5A19B47425001BA54D /* Base */ = {isa = PBXFileReference; lastKnownFileType = file.storyboard; name = Base; path = Base.lproj/Main_iPad.storyboard; sourceTree = "<group>"; };
		0521CD5C19B47425001BA54D /* TCViewController.h */ = {isa = PBXFileReference; lastKnownFileType = sourcecode.c.h; path = TCViewController.h; sourceTree = "<group>"; };
		0521CD5D19B47425001BA54D /* TCViewController.m */ = {isa = PBXFileReference; lastKnownFileType = sourcecode.c.objc; path = TCViewController.m; sourceTree = "<group>"; };
		0521CD5F19B47425001BA54D /* TCTextScene.h */ = {isa = PBXFileReference; lastKnownFileType = sourcecode.c.h; path = TCTextScene.h; sourceTree = "<group>"; };
		0521CD6019B47425001BA54D /* TCTextScene.m */ = {isa = PBXFileReference; lastKnownFileType = sourcecode.c.objc; path = TCTextScene.m; sourceTree = "<group>"; };
		0521CD6219B47425001BA54D /* Spaceship.png */ = {isa = PBXFileReference; lastKnownFileType = image.png; path = Spaceship.png; sourceTree = "<group>"; };
		0521CD6419B47425001BA54D /* Images.xcassets */ = {isa = PBXFileReference; lastKnownFileType = folder.assetcatalog; path = Images.xcassets; sourceTree = "<group>"; };
		0521CD6A19B47425001BA54D /* GCDemoTests.xctest */ = {isa = PBXFileReference; explicitFileType = wrapper.cfbundle; includeInIndex = 0; path = GCDemoTests.xctest; sourceTree = BUILT_PRODUCTS_DIR; };
		0521CD6B19B47425001BA54D /* XCTest.framework */ = {isa = PBXFileReference; lastKnownFileType = wrapper.framework; name = XCTest.framework; path = Library/Frameworks/XCTest.framework; sourceTree = DEVELOPER_DIR; };
		0521CD7319B47425001BA54D /* GCDemoTests-Info.plist */ = {isa = PBXFileReference; lastKnownFileType = text.plist.xml; path = "GCDemoTests-Info.plist"; sourceTree = "<group>"; };
		0521CD7519B47425001BA54D /* en */ = {isa = PBXFileReference; lastKnownFileType = text.plist.strings; name = en; path = en.lproj/InfoPlist.strings; sourceTree = "<group>"; };
		0521CD7719B47425001BA54D /* GCDemoTests.m */ = {isa = PBXFileReference; lastKnownFileType = sourcecode.c.objc; path = GCDemoTests.m; sourceTree = "<group>"; };
		0521CD8119B47A41001BA54D /* GameController.framework */ = {isa = PBXFileReference; lastKnownFileType = wrapper.framework; name = GameController.framework; path = System/Library/Frameworks/GameController.framework; sourceTree = SDKROOT; };
		0521CD8719B497BF001BA54D /* TCImageScene.h */ = {isa = PBXFileReference; fileEncoding = 4; lastKnownFileType = sourcecode.c.h; path = TCImageScene.h; sourceTree = "<group>"; };
		0521CD8819B497BF001BA54D /* TCImageScene.m */ = {isa = PBXFileReference; fileEncoding = 4; lastKnownFileType = sourcecode.c.objc; path = TCImageScene.m; sourceTree = "<group>"; };
		0529F1DF19B49CCE007B1934 /* GCDemo-Bridging-Header.h */ = {isa = PBXFileReference; lastKnownFileType = sourcecode.c.h; path = "GCDemo-Bridging-Header.h"; sourceTree = "<group>"; };
		0529F1E019B49CCE007B1934 /* ASAttributedLabelNode.swift */ = {isa = PBXFileReference; fileEncoding = 4; lastKnownFileType = sourcecode.swift; path = ASAttributedLabelNode.swift; sourceTree = "<group>"; };
		0529F1E219B49D37007B1934 /* TCAttributedTextScene.h */ = {isa = PBXFileReference; fileEncoding = 4; lastKnownFileType = sourcecode.c.h; path = TCAttributedTextScene.h; sourceTree = "<group>"; };
		0529F1E319B49D37007B1934 /* TCAttributedTextScene.m */ = {isa = PBXFileReference; fileEncoding = 4; lastKnownFileType = sourcecode.c.objc; path = TCAttributedTextScene.m; sourceTree = "<group>"; };
		0538CC9319B4A0040045DA8F /* code1.rtf */ = {isa = PBXFileReference; fileEncoding = 4; lastKnownFileType = text.rtf; path = code1.rtf; sourceTree = "<group>"; };
		0538CC9519B4A1790045DA8F /* code2.rtf */ = {isa = PBXFileReference; fileEncoding = 4; lastKnownFileType = text.rtf; path = code2.rtf; sourceTree = "<group>"; };
		0538CC9719B4A7370045DA8F /* TCGameScene.h */ = {isa = PBXFileReference; fileEncoding = 4; lastKnownFileType = sourcecode.c.h; path = TCGameScene.h; sourceTree = "<group>"; };
		0538CC9819B4A7370045DA8F /* TCGameScene.m */ = {isa = PBXFileReference; fileEncoding = 4; lastKnownFileType = sourcecode.c.objc; path = TCGameScene.m; sourceTree = "<group>"; };
/* End PBXFileReference section */

/* Begin PBXFrameworksBuildPhase section */
		0521CD3C19B47425001BA54D /* Frameworks */ = {
			isa = PBXFrameworksBuildPhase;
			buildActionMask = 2147483647;
			files = (
				0521CD8219B47A41001BA54D /* GameController.framework in Frameworks */,
				0521CD4519B47425001BA54D /* CoreGraphics.framework in Frameworks */,
				0521CD4719B47425001BA54D /* UIKit.framework in Frameworks */,
				0521CD4919B47425001BA54D /* SpriteKit.framework in Frameworks */,
				0521CD4319B47425001BA54D /* Foundation.framework in Frameworks */,
			);
			runOnlyForDeploymentPostprocessing = 0;
		};
		0521CD6719B47425001BA54D /* Frameworks */ = {
			isa = PBXFrameworksBuildPhase;
			buildActionMask = 2147483647;
			files = (
				0521CD6C19B47425001BA54D /* XCTest.framework in Frameworks */,
				0521CD6E19B47425001BA54D /* UIKit.framework in Frameworks */,
				0521CD6D19B47425001BA54D /* Foundation.framework in Frameworks */,
			);
			runOnlyForDeploymentPostprocessing = 0;
		};
/* End PBXFrameworksBuildPhase section */

/* Begin PBXGroup section */
		0521CD3619B47425001BA54D = {
			isa = PBXGroup;
			children = (
				0521CD4A19B47425001BA54D /* GCDemo */,
				0521CD7119B47425001BA54D /* GCDemoTests */,
				0521CD4119B47425001BA54D /* Frameworks */,
				0521CD4019B47425001BA54D /* Products */,
			);
			sourceTree = "<group>";
		};
		0521CD4019B47425001BA54D /* Products */ = {
			isa = PBXGroup;
			children = (
				0521CD3F19B47425001BA54D /* GCDemo.app */,
				0521CD6A19B47425001BA54D /* GCDemoTests.xctest */,
			);
			name = Products;
			sourceTree = "<group>";
		};
		0521CD4119B47425001BA54D /* Frameworks */ = {
			isa = PBXGroup;
			children = (
				0521CD8119B47A41001BA54D /* GameController.framework */,
				0521CD4219B47425001BA54D /* Foundation.framework */,
				0521CD4419B47425001BA54D /* CoreGraphics.framework */,
				0521CD4619B47425001BA54D /* UIKit.framework */,
				0521CD4819B47425001BA54D /* SpriteKit.framework */,
				0521CD6B19B47425001BA54D /* XCTest.framework */,
			);
			name = Frameworks;
			sourceTree = "<group>";
		};
		0521CD4A19B47425001BA54D /* GCDemo */ = {
			isa = PBXGroup;
			children = (
				0521CD5319B47425001BA54D /* TCAppDelegate.h */,
				0521CD5419B47425001BA54D /* TCAppDelegate.m */,
				0521CD5619B47425001BA54D /* Main_iPhone.storyboard */,
				0521CD5919B47425001BA54D /* Main_iPad.storyboard */,
				0521CD5C19B47425001BA54D /* TCViewController.h */,
				0521CD5D19B47425001BA54D /* TCViewController.m */,
				0521CD5F19B47425001BA54D /* TCTextScene.h */,
				0521CD6019B47425001BA54D /* TCTextScene.m */,
				0521CD8719B497BF001BA54D /* TCImageScene.h */,
				0521CD8819B497BF001BA54D /* TCImageScene.m */,
				0538CC9719B4A7370045DA8F /* TCGameScene.h */,
				0538CC9819B4A7370045DA8F /* TCGameScene.m */,
				0529F1E019B49CCE007B1934 /* ASAttributedLabelNode.swift */,
				0529F1E219B49D37007B1934 /* TCAttributedTextScene.h */,
				0529F1E319B49D37007B1934 /* TCAttributedTextScene.m */,
				0538CC9319B4A0040045DA8F /* code1.rtf */,
				0538CC9519B4A1790045DA8F /* code2.rtf */,
				0521CD6219B47425001BA54D /* Spaceship.png */,
				0521CD6419B47425001BA54D /* Images.xcassets */,
				0521CD4B19B47425001BA54D /* Supporting Files */,
				0529F1DF19B49CCE007B1934 /* GCDemo-Bridging-Header.h */,
			);
			path = GCDemo;
			sourceTree = "<group>";
		};
		0521CD4B19B47425001BA54D /* Supporting Files */ = {
			isa = PBXGroup;
			children = (
				0521CD4C19B47425001BA54D /* GCDemo-Info.plist */,
				0521CD4D19B47425001BA54D /* InfoPlist.strings */,
				0521CD5019B47425001BA54D /* main.m */,
				0521CD5219B47425001BA54D /* GCDemo-Prefix.pch */,
			);
			name = "Supporting Files";
			sourceTree = "<group>";
		};
		0521CD7119B47425001BA54D /* GCDemoTests */ = {
			isa = PBXGroup;
			children = (
				0521CD7719B47425001BA54D /* GCDemoTests.m */,
				0521CD7219B47425001BA54D /* Supporting Files */,
			);
			path = GCDemoTests;
			sourceTree = "<group>";
		};
		0521CD7219B47425001BA54D /* Supporting Files */ = {
			isa = PBXGroup;
			children = (
				0521CD7319B47425001BA54D /* GCDemoTests-Info.plist */,
				0521CD7419B47425001BA54D /* InfoPlist.strings */,
			);
			name = "Supporting Files";
			sourceTree = "<group>";
		};
/* End PBXGroup section */

/* Begin PBXNativeTarget section */
		0521CD3E19B47425001BA54D /* GCDemo */ = {
			isa = PBXNativeTarget;
			buildConfigurationList = 0521CD7B19B47425001BA54D /* Build configuration list for PBXNativeTarget "GCDemo" */;
			buildPhases = (
				0521CD3B19B47425001BA54D /* Sources */,
				0521CD3C19B47425001BA54D /* Frameworks */,
				0521CD3D19B47425001BA54D /* Resources */,
			);
			buildRules = (
			);
			dependencies = (
			);
			name = GCDemo;
			productName = GCDemo;
			productReference = 0521CD3F19B47425001BA54D /* GCDemo.app */;
			productType = "com.apple.product-type.application";
		};
		0521CD6919B47425001BA54D /* GCDemoTests */ = {
			isa = PBXNativeTarget;
			buildConfigurationList = 0521CD7E19B47425001BA54D /* Build configuration list for PBXNativeTarget "GCDemoTests" */;
			buildPhases = (
				0521CD6619B47425001BA54D /* Sources */,
				0521CD6719B47425001BA54D /* Frameworks */,
				0521CD6819B47425001BA54D /* Resources */,
			);
			buildRules = (
			);
			dependencies = (
				0521CD7019B47425001BA54D /* PBXTargetDependency */,
			);
			name = GCDemoTests;
			productName = GCDemoTests;
			productReference = 0521CD6A19B47425001BA54D /* GCDemoTests.xctest */;
			productType = "com.apple.product-type.bundle.unit-test";
		};
/* End PBXNativeTarget section */

/* Begin PBXProject section */
		0521CD3719B47425001BA54D /* Project object */ = {
			isa = PBXProject;
			attributes = {
				CLASSPREFIX = TC;
				LastUpgradeCheck = 0510;
				ORGANIZATIONNAME = ThirdCog;
				TargetAttributes = {
					0521CD6919B47425001BA54D = {
						TestTargetID = 0521CD3E19B47425001BA54D;
					};
				};
			};
			buildConfigurationList = 0521CD3A19B47425001BA54D /* Build configuration list for PBXProject "GCDemo" */;
			compatibilityVersion = "Xcode 3.2";
			developmentRegion = English;
			hasScannedForEncodings = 0;
			knownRegions = (
				en,
				Base,
			);
			mainGroup = 0521CD3619B47425001BA54D;
			productRefGroup = 0521CD4019B47425001BA54D /* Products */;
			projectDirPath = "";
			projectRoot = "";
			targets = (
				0521CD3E19B47425001BA54D /* GCDemo */,
				0521CD6919B47425001BA54D /* GCDemoTests */,
			);
		};
/* End PBXProject section */

/* Begin PBXResourcesBuildPhase section */
		0521CD3D19B47425001BA54D /* Resources */ = {
			isa = PBXResourcesBuildPhase;
			buildActionMask = 2147483647;
			files = (
				0521CD6319B47425001BA54D /* Spaceship.png in Resources */,
				0521CD6519B47425001BA54D /* Images.xcassets in Resources */,
				0521CD5B19B47425001BA54D /* Main_iPad.storyboard in Resources */,
				0538CC9419B4A0040045DA8F /* code1.rtf in Resources */,
				0521CD5819B47425001BA54D /* Main_iPhone.storyboard in Resources */,
				0521CD4F19B47425001BA54D /* InfoPlist.strings in Resources */,
				0538CC9619B4A1790045DA8F /* code2.rtf in Resources */,
			);
			runOnlyForDeploymentPostprocessing = 0;
		};
		0521CD6819B47425001BA54D /* Resources */ = {
			isa = PBXResourcesBuildPhase;
			buildActionMask = 2147483647;
			files = (
				0521CD7619B47425001BA54D /* InfoPlist.strings in Resources */,
			);
			runOnlyForDeploymentPostprocessing = 0;
		};
/* End PBXResourcesBuildPhase section */

/* Begin PBXSourcesBuildPhase section */
		0521CD3B19B47425001BA54D /* Sources */ = {
			isa = PBXSourcesBuildPhase;
			buildActionMask = 2147483647;
			files = (
				0521CD8919B497BF001BA54D /* TCImageScene.m in Sources */,
				0521CD5E19B47425001BA54D /* TCViewController.m in Sources */,
				0521CD6119B47425001BA54D /* TCTextScene.m in Sources */,
				0521CD5119B47425001BA54D /* main.m in Sources */,
				0529F1E119B49CCE007B1934 /* ASAttributedLabelNode.swift in Sources */,
				0529F1E419B49D37007B1934 /* TCAttributedTextScene.m in Sources */,
				0521CD5519B47425001BA54D /* TCAppDelegate.m in Sources */,
				0538CC9919B4A7370045DA8F /* TCGameScene.m in Sources */,
			);
			runOnlyForDeploymentPostprocessing = 0;
		};
		0521CD6619B47425001BA54D /* Sources */ = {
			isa = PBXSourcesBuildPhase;
			buildActionMask = 2147483647;
			files = (
				0521CD7819B47425001BA54D /* GCDemoTests.m in Sources */,
			);
			runOnlyForDeploymentPostprocessing = 0;
		};
/* End PBXSourcesBuildPhase section */

/* Begin PBXTargetDependency section */
		0521CD7019B47425001BA54D /* PBXTargetDependency */ = {
			isa = PBXTargetDependency;
			target = 0521CD3E19B47425001BA54D /* GCDemo */;
			targetProxy = 0521CD6F19B47425001BA54D /* PBXContainerItemProxy */;
		};
/* End PBXTargetDependency section */

/* Begin PBXVariantGroup section */
		0521CD4D19B47425001BA54D /* InfoPlist.strings */ = {
			isa = PBXVariantGroup;
			children = (
				0521CD4E19B47425001BA54D /* en */,
			);
			name = InfoPlist.strings;
			sourceTree = "<group>";
		};
		0521CD5619B47425001BA54D /* Main_iPhone.storyboard */ = {
			isa = PBXVariantGroup;
			children = (
				0521CD5719B47425001BA54D /* Base */,
			);
			name = Main_iPhone.storyboard;
			sourceTree = "<group>";
		};
		0521CD5919B47425001BA54D /* Main_iPad.storyboard */ = {
			isa = PBXVariantGroup;
			children = (
				0521CD5A19B47425001BA54D /* Base */,
			);
			name = Main_iPad.storyboard;
			sourceTree = "<group>";
		};
		0521CD7419B47425001BA54D /* InfoPlist.strings */ = {
			isa = PBXVariantGroup;
			children = (
				0521CD7519B47425001BA54D /* en */,
			);
			name = InfoPlist.strings;
			sourceTree = "<group>";
		};
/* End PBXVariantGroup section */

/* Begin XCBuildConfiguration section */
		0521CD7919B47425001BA54D /* Debug */ = {
			isa = XCBuildConfiguration;
			buildSettings = {
				ALWAYS_SEARCH_USER_PATHS = NO;
				CLANG_CXX_LANGUAGE_STANDARD = "gnu++0x";
				CLANG_CXX_LIBRARY = "libc++";
				CLANG_ENABLE_MODULES = YES;
				CLANG_ENABLE_OBJC_ARC = YES;
				CLANG_WARN_BOOL_CONVERSION = YES;
				CLANG_WARN_CONSTANT_CONVERSION = YES;
				CLANG_WARN_DIRECT_OBJC_ISA_USAGE = YES_ERROR;
				CLANG_WARN_EMPTY_BODY = YES;
				CLANG_WARN_ENUM_CONVERSION = YES;
				CLANG_WARN_INT_CONVERSION = YES;
				CLANG_WARN_OBJC_ROOT_CLASS = YES_ERROR;
				CLANG_WARN__DUPLICATE_METHOD_MATCH = YES;
				"CODE_SIGN_IDENTITY[sdk=iphoneos*]" = "iPhone Developer";
				COPY_PHASE_STRIP = NO;
				GCC_C_LANGUAGE_STANDARD = gnu99;
				GCC_DYNAMIC_NO_PIC = NO;
				GCC_OPTIMIZATION_LEVEL = 0;
				GCC_PREPROCESSOR_DEFINITIONS = (
					"DEBUG=1",
					"$(inherited)",
				);
				GCC_SYMBOLS_PRIVATE_EXTERN = NO;
				GCC_WARN_64_TO_32_BIT_CONVERSION = YES;
				GCC_WARN_ABOUT_RETURN_TYPE = YES_ERROR;
				GCC_WARN_UNDECLARED_SELECTOR = YES;
				GCC_WARN_UNINITIALIZED_AUTOS = YES_AGGRESSIVE;
				GCC_WARN_UNUSED_FUNCTION = YES;
				GCC_WARN_UNUSED_VARIABLE = YES;
				IPHONEOS_DEPLOYMENT_TARGET = 7.1;
				ONLY_ACTIVE_ARCH = YES;
				SDKROOT = iphoneos;
				TARGETED_DEVICE_FAMILY = "1,2";
			};
			name = Debug;
		};
		0521CD7A19B47425001BA54D /* Release */ = {
			isa = XCBuildConfiguration;
			buildSettings = {
				ALWAYS_SEARCH_USER_PATHS = NO;
				CLANG_CXX_LANGUAGE_STANDARD = "gnu++0x";
				CLANG_CXX_LIBRARY = "libc++";
				CLANG_ENABLE_MODULES = YES;
				CLANG_ENABLE_OBJC_ARC = YES;
				CLANG_WARN_BOOL_CONVERSION = YES;
				CLANG_WARN_CONSTANT_CONVERSION = YES;
				CLANG_WARN_DIRECT_OBJC_ISA_USAGE = YES_ERROR;
				CLANG_WARN_EMPTY_BODY = YES;
				CLANG_WARN_ENUM_CONVERSION = YES;
				CLANG_WARN_INT_CONVERSION = YES;
				CLANG_WARN_OBJC_ROOT_CLASS = YES_ERROR;
				CLANG_WARN__DUPLICATE_METHOD_MATCH = YES;
				"CODE_SIGN_IDENTITY[sdk=iphoneos*]" = "iPhone Developer";
				COPY_PHASE_STRIP = YES;
				ENABLE_NS_ASSERTIONS = NO;
				GCC_C_LANGUAGE_STANDARD = gnu99;
				GCC_WARN_64_TO_32_BIT_CONVERSION = YES;
				GCC_WARN_ABOUT_RETURN_TYPE = YES_ERROR;
				GCC_WARN_UNDECLARED_SELECTOR = YES;
				GCC_WARN_UNINITIALIZED_AUTOS = YES_AGGRESSIVE;
				GCC_WARN_UNUSED_FUNCTION = YES;
				GCC_WARN_UNUSED_VARIABLE = YES;
				IPHONEOS_DEPLOYMENT_TARGET = 7.1;
				SDKROOT = iphoneos;
				TARGETED_DEVICE_FAMILY = "1,2";
				VALIDATE_PRODUCT = YES;
			};
			name = Release;
		};
		0521CD7C19B47425001BA54D /* Debug */ = {
			isa = XCBuildConfiguration;
			buildSettings = {
				ASSETCATALOG_COMPILER_APPICON_NAME = AppIcon;
				ASSETCATALOG_COMPILER_LAUNCHIMAGE_NAME = LaunchImage;
				CLANG_ENABLE_MODULES = YES;
				GCC_PRECOMPILE_PREFIX_HEADER = YES;
				GCC_PREFIX_HEADER = "GCDemo/GCDemo-Prefix.pch";
				INFOPLIST_FILE = "GCDemo/GCDemo-Info.plist";
				IPHONEOS_DEPLOYMENT_TARGET = 7.0;
				LD_RUNPATH_SEARCH_PATHS = "$(inherited) @executable_path/Frameworks";
				PRODUCT_NAME = "$(TARGET_NAME)";
				PROVISIONING_PROFILE = "F36B8C58-D702-4AA2-AF54-80D7B7844B59";
				SPRITEKIT_TEXTURE_ATLAS_OUTPUT = YES;
				SWIFT_OBJC_BRIDGING_HEADER = "GCDemo/GCDemo-Bridging-Header.h";
				SWIFT_OPTIMIZATION_LEVEL = "-Onone";
				WRAPPER_EXTENSION = app;
			};
			name = Debug;
		};
		0521CD7D19B47425001BA54D /* Release */ = {
			isa = XCBuildConfiguration;
			buildSettings = {
				ASSETCATALOG_COMPILER_APPICON_NAME = AppIcon;
				ASSETCATALOG_COMPILER_LAUNCHIMAGE_NAME = LaunchImage;
				CLANG_ENABLE_MODULES = YES;
				GCC_PRECOMPILE_PREFIX_HEADER = YES;
				GCC_PREFIX_HEADER = "GCDemo/GCDemo-Prefix.pch";
				INFOPLIST_FILE = "GCDemo/GCDemo-Info.plist";
				IPHONEOS_DEPLOYMENT_TARGET = 7.0;
				LD_RUNPATH_SEARCH_PATHS = "$(inherited) @executable_path/Frameworks";
				PRODUCT_NAME = "$(TARGET_NAME)";
				PROVISIONING_PROFILE = "F36B8C58-D702-4AA2-AF54-80D7B7844B59";
				SPRITEKIT_TEXTURE_ATLAS_OUTPUT = YES;
				SWIFT_OBJC_BRIDGING_HEADER = "GCDemo/GCDemo-Bridging-Header.h";
				WRAPPER_EXTENSION = app;
			};
			name = Release;
		};
		0521CD7F19B47425001BA54D /* Debug */ = {
			isa = XCBuildConfiguration;
			buildSettings = {
				BUNDLE_LOADER = "$(BUILT_PRODUCTS_DIR)/GCDemo.app/GCDemo";
				FRAMEWORK_SEARCH_PATHS = (
					"$(SDKROOT)/Developer/Library/Frameworks",
					"$(inherited)",
					"$(DEVELOPER_FRAMEWORKS_DIR)",
				);
				GCC_PRECOMPILE_PREFIX_HEADER = YES;
				GCC_PREFIX_HEADER = "GCDemo/GCDemo-Prefix.pch";
				GCC_PREPROCESSOR_DEFINITIONS = (
					"DEBUG=1",
					"$(inherited)",
				);
				INFOPLIST_FILE = "GCDemoTests/GCDemoTests-Info.plist";
				PRODUCT_NAME = "$(TARGET_NAME)";
				TEST_HOST = "$(BUNDLE_LOADER)";
				WRAPPER_EXTENSION = xctest;
			};
			name = Debug;
		};
		0521CD8019B47425001BA54D /* Release */ = {
			isa = XCBuildConfiguration;
			buildSettings = {
				BUNDLE_LOADER = "$(BUILT_PRODUCTS_DIR)/GCDemo.app/GCDemo";
				FRAMEWORK_SEARCH_PATHS = (
					"$(SDKROOT)/Developer/Library/Frameworks",
					"$(inherited)",
					"$(DEVELOPER_FRAMEWORKS_DIR)",
				);
				GCC_PRECOMPILE_PREFIX_HEADER = YES;
				GCC_PREFIX_HEADER = "GCDemo/GCDemo-Prefix.pch";
				INFOPLIST_FILE = "GCDemoTests/GCDemoTests-Info.plist";
				PRODUCT_NAME = "$(TARGET_NAME)";
				TEST_HOST = "$(BUNDLE_LOADER)";
				WRAPPER_EXTENSION = xctest;
			};
			name = Release;
		};
/* End XCBuildConfiguration section */

/* Begin XCConfigurationList section */
		0521CD3A19B47425001BA54D /* Build configuration list for PBXProject "GCDemo" */ = {
			isa = XCConfigurationList;
			buildConfigurations = (
				0521CD7919B47425001BA54D /* Debug */,
				0521CD7A19B47425001BA54D /* Release */,
			);
			defaultConfigurationIsVisible = 0;
			defaultConfigurationName = Release;
		};
		0521CD7B19B47425001BA54D /* Build configuration list for PBXNativeTarget "GCDemo" */ = {
			isa = XCConfigurationList;
			buildConfigurations = (
				0521CD7C19B47425001BA54D /* Debug */,
				0521CD7D19B47425001BA54D /* Release */,
			);
			defaultConfigurationIsVisible = 0;
			defaultConfigurationName = Release;
		};
		0521CD7E19B47425001BA54D /* Build configuration list for PBXNativeTarget "GCDemoTests" */ = {
			isa = XCConfigurationList;
			buildConfigurations = (
				0521CD7F19B47425001BA54D /* Debug */,
				0521CD8019B47425001BA54D /* Release */,
			);
			defaultConfigurationIsVisible = 0;
			defaultConfigurationName = Release;
		};
/* End XCConfigurationList section */
	};
	rootObject = 0521CD3719B47425001BA54D /* Project object */;
}
